
Microsoft Visual Studio Solution File, Format Version 12.00
# Visual Studio Version 17
VisualStudioVersion = 17.4.33205.214
MinimumVisualStudioVersion = 10.0.40219.1
Project("{FAE04EC0-301F-11D3-BF4B-00C04F79EFBC}") = "JWTAuthAPI", "JWTAuthAPI.csproj", "{76B3D46C-442C-4D9E-9E81-6EB71A177F1C}"
EndProject
Global
	GlobalSection(SolutionConfigurationPlatforms) = preSolution
		Debug|Any CPU = Debug|Any CPU
		Release|Any CPU = Release|Any CPU
	EndGlobalSection
	GlobalSection(ProjectConfigurationPlatforms) = postSolution
		{76B3D46C-442C-4D9E-9E81-6EB71A177F1C}.Debug|Any CPU.ActiveCfg = Debug|Any CPU
		{76B3D46C-442C-4D9E-9E81-6EB71A177F1C}.Debug|Any CPU.Build.0 = Debug|Any CPU
		{76B3D46C-442C-4D9E-9E81-6EB71A177F1C}.Release|Any CPU.ActiveCfg = Release|Any CPU
		{76B3D46C-442C-4D9E-9E81-6EB71A177F1C}.Release|Any CPU.Build.0 = Release|Any CPU
	EndGlobalSection
	GlobalSection(SolutionProperties) = preSolution
		HideSolutionNode = FALSE
	EndGlobalSection
	GlobalSection(ExtensibilityGlobals) = postSolution
		SolutionGuid = {7AED199A-96B4-4F6E-880C-AE4F3976BD8D}
	EndGlobalSection
EndGlobal
